
Microsoft Visual Studio Solution File, Format Version 12.00
# Visual Studio Version 16
VisualStudioVersion = 16.0.29215.179
MinimumVisualStudioVersion = 10.0.40219.1
Project("{8BC9CEB8-8B4A-11D0-8D11-00A0C91BC942}") = "FileIO", "FileIO\FileIO.vcxproj", "{FA80AEC9-06F8-457D-8C55-B28E72FA7214}"
EndProject
Project("{8BC9CEB8-8B4A-11D0-8D11-00A0C91BC942}") = "CustomizedString", "CustomizedString\CustomizedString.vcxproj", "{F6F9F08D-7EA8-4007-9408-71CF8F33DFB6}"
EndProject
Project("{8BC9CEB8-8B4A-11D0-8D11-00A0C91BC942}") = "SmartQueueStack", "SmartQueueStack\SmartQueueStack.vcxproj", "{EE482AAC-A883-47FB-8BC9-639D08B95FD4}"
EndProject
Project("{8BC9CEB8-8B4A-11D0-8D11-00A0C91BC942}") = "BinarySearchTree", "BinarySearchTree\BinarySearchTree.vcxproj", "{B17030DD-8F48-43A5-8D79-DE930F8ADDEF}"
EndProject
Project("{8BC9CEB8-8B4A-11D0-8D11-00A0C91BC942}") = "DoubleLinkedList", "DoubleLinkedList\DoubleLinkedList.vcxproj", "{46F2BC8D-D544-43B7-AB34-F0B4001F63D8}"
EndProject
Project("{8BC9CEB8-8B4A-11D0-8D11-00A0C91BC942}") = "CustomizedVector", "CustomizedVector\CustomizedVector.vcxproj", "{87788FCC-78F7-485B-97FE-CCDE4C206621}"
EndProject
Global
	GlobalSection(SolutionConfigurationPlatforms) = preSolution
		Debug|x64 = Debug|x64
		Debug|x86 = Debug|x86
		Release|x64 = Release|x64
		Release|x86 = Release|x86
	EndGlobalSection
	GlobalSection(ProjectConfigurationPlatforms) = postSolution
		{FA80AEC9-06F8-457D-8C55-B28E72FA7214}.Debug|x64.ActiveCfg = Debug|x64
		{FA80AEC9-06F8-457D-8C55-B28E72FA7214}.Debug|x64.Build.0 = Debug|x64
		{FA80AEC9-06F8-457D-8C55-B28E72FA7214}.Debug|x86.ActiveCfg = Debug|Win32
		{FA80AEC9-06F8-457D-8C55-B28E72FA7214}.Debug|x86.Build.0 = Debug|Win32
		{FA80AEC9-06F8-457D-8C55-B28E72FA7214}.Release|x64.ActiveCfg = Release|x64
		{FA80AEC9-06F8-457D-8C55-B28E72FA7214}.Release|x64.Build.0 = Release|x64
		{FA80AEC9-06F8-457D-8C55-B28E72FA7214}.Release|x86.ActiveCfg = Release|Win32
		{FA80AEC9-06F8-457D-8C55-B28E72FA7214}.Release|x86.Build.0 = Release|Win32
		{F6F9F08D-7EA8-4007-9408-71CF8F33DFB6}.Debug|x64.ActiveCfg = Debug|x64
		{F6F9F08D-7EA8-4007-9408-71CF8F33DFB6}.Debug|x64.Build.0 = Debug|x64
		{F6F9F08D-7EA8-4007-9408-71CF8F33DFB6}.Debug|x86.ActiveCfg = Debug|Win32
		{F6F9F08D-7EA8-4007-9408-71CF8F33DFB6}.Debug|x86.Build.0 = Debug|Win32
		{F6F9F08D-7EA8-4007-9408-71CF8F33DFB6}.Release|x64.ActiveCfg = Release|x64
		{F6F9F08D-7EA8-4007-9408-71CF8F33DFB6}.Release|x64.Build.0 = Release|x64
		{F6F9F08D-7EA8-4007-9408-71CF8F33DFB6}.Release|x86.ActiveCfg = Release|Win32
		{F6F9F08D-7EA8-4007-9408-71CF8F33DFB6}.Release|x86.Build.0 = Release|Win32
		{EE482AAC-A883-47FB-8BC9-639D08B95FD4}.Debug|x64.ActiveCfg = Debug|x64
		{EE482AAC-A883-47FB-8BC9-639D08B95FD4}.Debug|x64.Build.0 = Debug|x64
		{EE482AAC-A883-47FB-8BC9-639D08B95FD4}.Debug|x86.ActiveCfg = Debug|Win32
		{EE482AAC-A883-47FB-8BC9-639D08B95FD4}.Debug|x86.Build.0 = Debug|Win32
		{EE482AAC-A883-47FB-8BC9-639D08B95FD4}.Release|x64.ActiveCfg = Release|x64
		{EE482AAC-A883-47FB-8BC9-639D08B95FD4}.Release|x64.Build.0 = Release|x64
		{EE482AAC-A883-47FB-8BC9-639D08B95FD4}.Release|x86.ActiveCfg = Release|Win32
		{EE482AAC-A883-47FB-8BC9-639D08B95FD4}.Release|x86.Build.0 = Release|Win32
		{B17030DD-8F48-43A5-8D79-DE930F8ADDEF}.Debug|x64.ActiveCfg = Debug|x64
		{B17030DD-8F48-43A5-8D79-DE930F8ADDEF}.Debug|x64.Build.0 = Debug|x64
		{B17030DD-8F48-43A5-8D79-DE930F8ADDEF}.Debug|x86.ActiveCfg = Debug|Win32
		{B17030DD-8F48-43A5-8D79-DE930F8ADDEF}.Debug|x86.Build.0 = Debug|Win32
		{B17030DD-8F48-43A5-8D79-DE930F8ADDEF}.Release|x64.ActiveCfg = Release|x64
		{B17030DD-8F48-43A5-8D79-DE930F8ADDEF}.Release|x64.Build.0 = Release|x64
		{B17030DD-8F48-43A5-8D79-DE930F8ADDEF}.Release|x86.ActiveCfg = Release|Win32
		{B17030DD-8F48-43A5-8D79-DE930F8ADDEF}.Release|x86.Build.0 = Release|Win32
		{46F2BC8D-D544-43B7-AB34-F0B4001F63D8}.Debug|x64.ActiveCfg = Debug|x64
		{46F2BC8D-D544-43B7-AB34-F0B4001F63D8}.Debug|x64.Build.0 = Debug|x64
		{46F2BC8D-D544-43B7-AB34-F0B4001F63D8}.Debug|x86.ActiveCfg = Debug|Win32
		{46F2BC8D-D544-43B7-AB34-F0B4001F63D8}.Debug|x86.Build.0 = Debug|Win32
		{46F2BC8D-D544-43B7-AB34-F0B4001F63D8}.Release|x64.ActiveCfg = Release|x64
		{46F2BC8D-D544-43B7-AB34-F0B4001F63D8}.Release|x64.Build.0 = Release|x64
		{46F2BC8D-D544-43B7-AB34-F0B4001F63D8}.Release|x86.ActiveCfg = Release|Win32
		{46F2BC8D-D544-43B7-AB34-F0B4001F63D8}.Release|x86.Build.0 = Release|Win32
		{87788FCC-78F7-485B-97FE-CCDE4C206621}.Debug|x64.ActiveCfg = Debug|x64
		{87788FCC-78F7-485B-97FE-CCDE4C206621}.Debug|x64.Build.0 = Debug|x64
		{87788FCC-78F7-485B-97FE-CCDE4C206621}.Debug|x86.ActiveCfg = Debug|Win32
		{87788FCC-78F7-485B-97FE-CCDE4C206621}.Debug|x86.Build.0 = Debug|Win32
		{87788FCC-78F7-485B-97FE-CCDE4C206621}.Release|x64.ActiveCfg = Release|x64
		{87788FCC-78F7-485B-97FE-CCDE4C206621}.Release|x64.Build.0 = Release|x64
		{87788FCC-78F7-485B-97FE-CCDE4C206621}.Release|x86.ActiveCfg = Release|Win32
		{87788FCC-78F7-485B-97FE-CCDE4C206621}.Release|x86.Build.0 = Release|Win32
	EndGlobalSection
	GlobalSection(SolutionProperties) = preSolution
		HideSolutionNode = FALSE
	EndGlobalSection
	GlobalSection(ExtensibilityGlobals) = postSolution
		SolutionGuid = {D01BF8C1-6F6B-48BF-81F0-7CDA813F5F2E}
	EndGlobalSection
EndGlobal
