
Microsoft Visual Studio Solution File, Format Version 12.00
# Visual Studio Version 16
VisualStudioVersion = 16.0.29215.179
MinimumVisualStudioVersion = 10.0.40219.1
Project("{8BC9CEB8-8B4A-11D0-8D11-00A0C91BC942}") = "FileIO", "FileIO\FileIO.vcxproj", "{FA80AEC9-06F8-457D-8C55-B28E72FA7214}"
EndProject
Project("{8BC9CEB8-8B4A-11D0-8D11-00A0C91BC942}") = "CustomizedString", "CustomizedString\CustomizedString.vcxproj", "{F6F9F08D-7EA8-4007-9408-71CF8F33DFB6}"
EndProject
Global
	GlobalSection(SolutionConfigurationPlatforms) = preSolution
		Debug|x64 = Debug|x64
		Debug|x86 = Debug|x86
		Release|x64 = Release|x64
		Release|x86 = Release|x86
	EndGlobalSection
	GlobalSection(ProjectConfigurationPlatforms) = postSolution
		{FA80AEC9-06F8-457D-8C55-B28E72FA7214}.Debug|x64.ActiveCfg = Debug|x64
		{FA80AEC9-06F8-457D-8C55-B28E72FA7214}.Debug|x64.Build.0 = Debug|x64
		{FA80AEC9-06F8-457D-8C55-B28E72FA7214}.Debug|x86.ActiveCfg = Debug|Win32
		{FA80AEC9-06F8-457D-8C55-B28E72FA7214}.Debug|x86.Build.0 = Debug|Win32
		{FA80AEC9-06F8-457D-8C55-B28E72FA7214}.Release|x64.ActiveCfg = Release|x64
		{FA80AEC9-06F8-457D-8C55-B28E72FA7214}.Release|x64.Build.0 = Release|x64
		{FA80AEC9-06F8-457D-8C55-B28E72FA7214}.Release|x86.ActiveCfg = Release|Win32
		{FA80AEC9-06F8-457D-8C55-B28E72FA7214}.Release|x86.Build.0 = Release|Win32
		{F6F9F08D-7EA8-4007-9408-71CF8F33DFB6}.Debug|x64.ActiveCfg = Debug|x64
		{F6F9F08D-7EA8-4007-9408-71CF8F33DFB6}.Debug|x64.Build.0 = Debug|x64
		{F6F9F08D-7EA8-4007-9408-71CF8F33DFB6}.Debug|x86.ActiveCfg = Debug|Win32
		{F6F9F08D-7EA8-4007-9408-71CF8F33DFB6}.Debug|x86.Build.0 = Debug|Win32
		{F6F9F08D-7EA8-4007-9408-71CF8F33DFB6}.Release|x64.ActiveCfg = Release|x64
		{F6F9F08D-7EA8-4007-9408-71CF8F33DFB6}.Release|x64.Build.0 = Release|x64
		{F6F9F08D-7EA8-4007-9408-71CF8F33DFB6}.Release|x86.ActiveCfg = Release|Win32
		{F6F9F08D-7EA8-4007-9408-71CF8F33DFB6}.Release|x86.Build.0 = Release|Win32
	EndGlobalSection
	GlobalSection(SolutionProperties) = preSolution
		HideSolutionNode = FALSE
	EndGlobalSection
	GlobalSection(ExtensibilityGlobals) = postSolution
		SolutionGuid = {D01BF8C1-6F6B-48BF-81F0-7CDA813F5F2E}
	EndGlobalSection
EndGlobal
